
Microsoft Visual Studio Solution File, Format Version 12.00
Project("{FAE04EC0-301F-11D3-BF4B-00C04F79EFBC}") = "lab8sharp", "lab8sharp\lab8sharp.csproj", "{F03D3FFB-5F03-4115-95FB-7F28DDA6F471}"
EndProject
Global
	GlobalSection(SolutionConfigurationPlatforms) = preSolution
		Debug|Any CPU = Debug|Any CPU
		Release|Any CPU = Release|Any CPU
	EndGlobalSection
	GlobalSection(ProjectConfigurationPlatforms) = postSolution
		{F03D3FFB-5F03-4115-95FB-7F28DDA6F471}.Debug|Any CPU.ActiveCfg = Debug|Any CPU
		{F03D3FFB-5F03-4115-95FB-7F28DDA6F471}.Debug|Any CPU.Build.0 = Debug|Any CPU
		{F03D3FFB-5F03-4115-95FB-7F28DDA6F471}.Release|Any CPU.ActiveCfg = Release|Any CPU
		{F03D3FFB-5F03-4115-95FB-7F28DDA6F471}.Release|Any CPU.Build.0 = Release|Any CPU
	EndGlobalSection
EndGlobal
